
Microsoft Visual Studio Solution File, Format Version 12.00
# Visual Studio Version 17
VisualStudioVersion = 17.5.33424.131
MinimumVisualStudioVersion = 10.0.40219.1
Project("{9A19103F-16F7-4668-BE54-9A1E7A4F7556}") = "Interview_Project", "Interview_Project.csproj", "{7E35F550-12C4-4416-954E-6869F55FD411}"
EndProject
Global
	GlobalSection(SolutionConfigurationPlatforms) = preSolution
		Debug|Any CPU = Debug|Any CPU
		Release|Any CPU = Release|Any CPU
	EndGlobalSection
	GlobalSection(ProjectConfigurationPlatforms) = postSolution
		{7E35F550-12C4-4416-954E-6869F55FD411}.Debug|Any CPU.ActiveCfg = Debug|Any CPU
		{7E35F550-12C4-4416-954E-6869F55FD411}.Debug|Any CPU.Build.0 = Debug|Any CPU
		{7E35F550-12C4-4416-954E-6869F55FD411}.Release|Any CPU.ActiveCfg = Release|Any CPU
		{7E35F550-12C4-4416-954E-6869F55FD411}.Release|Any CPU.Build.0 = Release|Any CPU
	EndGlobalSection
	GlobalSection(SolutionProperties) = preSolution
		HideSolutionNode = FALSE
	EndGlobalSection
	GlobalSection(ExtensibilityGlobals) = postSolution
		SolutionGuid = {14B640D9-50D8-46A1-AA01-AAADAD86B546}
	EndGlobalSection
EndGlobal
